{
    "_readme": [
        "This file locks the dependencies of your project to a known state",
        "Read more about it at https://getcomposer.org/doc/01-basic-usage.md#composer-lock-the-lock-file",
        "This file is @generated automatically"
    ],
    "hash": "847a3c5129641b7c97e9079ff706ce13",
    "content-hash": "ede0cbd59406c1ae7dead5b21e3295df",
    "packages": [
        {
            "name": "dflydev/dot-access-configuration",
            "version": "v1.0.1",
            "source": {
                "type": "git",
                "url": "https://github.com/dflydev/dflydev-dot-access-configuration.git",
                "reference": "9b65c83159c9003e00284ea1144ad96b69d9c8b9"
            },
            "dist": {
                "type": "zip",
                "url": "https://api.github.com/repos/dflydev/dflydev-dot-access-configuration/zipball/9b65c83159c9003e00284ea1144ad96b69d9c8b9",
                "reference": "9b65c83159c9003e00284ea1144ad96b69d9c8b9",
                "shasum": ""
            },
            "require": {
                "dflydev/dot-access-data": "1.*",
                "dflydev/placeholder-resolver": "1.*",
                "php": ">=5.3.2"
            },
            "require-dev": {
                "symfony/yaml": "~2.1"
            },
            "suggest": {
                "symfony/yaml": "Required for using the YAML Configuration Builders"
            },
            "type": "library",
            "extra": {
                "branch-alias": {
                    "dev-master": "1.0-dev"
                }
            },
            "autoload": {
                "psr-0": {
                    "Dflydev\\DotAccessConfiguration": "src"
                }
            },
            "notification-url": "https://packagist.org/downloads/",
            "license": [
                "MIT"
            ],
            "authors": [
                {
                    "name": "Dragonfly Development Inc.",
                    "email": "info@dflydev.com",
                    "homepage": "http://dflydev.com"
                },
                {
                    "name": "Beau Simensen",
                    "email": "beau@dflydev.com",
                    "homepage": "http://beausimensen.com"
                }
            ],
            "description": "Given a deep data structure representing a configuration, access configuration by dot notation.",
            "homepage": "https://github.com/dflydev/dflydev-dot-access-configuration",
            "keywords": [
                "config",
                "configuration"
            ],
            "time": "2014-11-14 03:26:12"
        },
        {
            "name": "dflydev/dot-access-data",
            "version": "v1.0.1",
            "source": {
                "type": "git",
                "url": "https://github.com/dflydev/dflydev-dot-access-data.git",
                "reference": "7a0960d088119818ce7687d200c363b01d183cbe"
            },
            "dist": {
                "type": "zip",
                "url": "https://api.github.com/repos/dflydev/dflydev-dot-access-data/zipball/7a0960d088119818ce7687d200c363b01d183cbe",
                "reference": "7a0960d088119818ce7687d200c363b01d183cbe",
                "shasum": ""
            },
            "require": {
                "php": ">=5.3.2"
            },
            "type": "library",
            "extra": {
                "branch-alias": {
                    "dev-master": "1.0-dev"
                }
            },
            "autoload": {
                "psr-0": {
                    "Dflydev\\DotAccessData": "src"
                }
            },
            "notification-url": "https://packagist.org/downloads/",
            "license": [
                "MIT"
            ],
            "authors": [
                {
                    "name": "Dragonfly Development Inc.",
                    "email": "info@dflydev.com",
                    "homepage": "http://dflydev.com"
                },
                {
                    "name": "Beau Simensen",
                    "email": "beau@dflydev.com",
                    "homepage": "http://beausimensen.com"
                }
            ],
            "description": "Given a deep data structure, access data by dot notation.",
            "homepage": "https://github.com/dflydev/dflydev-dot-access-data",
            "keywords": [
                "access",
                "data",
                "dot",
                "notation"
            ],
            "time": "2015-08-13 03:51:18"
        },
        {
            "name": "dflydev/placeholder-resolver",
            "version": "v1.0.2",
            "source": {
                "type": "git",
                "url": "https://github.com/dflydev/dflydev-placeholder-resolver.git",
                "reference": "c498d0cae91b1bb36cc7d60906dab8e62bb7c356"
            },
            "dist": {
                "type": "zip",
                "url": "https://api.github.com/repos/dflydev/dflydev-placeholder-resolver/zipball/c498d0cae91b1bb36cc7d60906dab8e62bb7c356",
                "reference": "c498d0cae91b1bb36cc7d60906dab8e62bb7c356",
                "shasum": ""
            },
            "require": {
                "php": ">=5.3.2"
            },
            "type": "library",
            "extra": {
                "branch-alias": {
                    "dev-master": "1.0-dev"
                }
            },
            "autoload": {
                "psr-0": {
                    "Dflydev\\PlaceholderResolver": "src"
                }
            },
            "notification-url": "https://packagist.org/downloads/",
            "license": [
                "MIT"
            ],
            "authors": [
                {
                    "name": "Dragonfly Development Inc.",
                    "email": "info@dflydev.com",
                    "homepage": "http://dflydev.com"
                },
                {
                    "name": "Beau Simensen",
                    "email": "beau@dflydev.com",
                    "homepage": "http://beausimensen.com"
                }
            ],
            "description": "Given a data source representing key => value pairs, resolve placeholders like ${foo.bar} to the value associated with the 'foo.bar' key in the data source.",
            "homepage": "https://github.com/dflydev/dflydev-placeholder-resolver",
            "keywords": [
                "placeholder",
                "resolver"
            ],
            "time": "2012-10-28 21:08:28"
        },
        {
            "name": "symfony/console",
            "version": "v2.8.9",
            "source": {
                "type": "git",
                "url": "https://github.com/symfony/console.git",
                "reference": "36e62335caca8a6e909c5c5bac4a8128149911c9"
            },
            "dist": {
                "type": "zip",
                "url": "https://api.github.com/repos/symfony/console/zipball/36e62335caca8a6e909c5c5bac4a8128149911c9",
                "reference": "36e62335caca8a6e909c5c5bac4a8128149911c9",
                "shasum": ""
            },
            "require": {
                "php": ">=5.3.9",
                "symfony/polyfill-mbstring": "~1.0"
            },
            "require-dev": {
                "psr/log": "~1.0",
                "symfony/event-dispatcher": "~2.1|~3.0.0",
                "symfony/process": "~2.1|~3.0.0"
            },
            "suggest": {
                "psr/log": "For using the console logger",
                "symfony/event-dispatcher": "",
                "symfony/process": ""
            },
            "type": "library",
            "extra": {
                "branch-alias": {
                    "dev-master": "2.8-dev"
                }
            },
            "autoload": {
                "psr-4": {
                    "Symfony\\Component\\Console\\": ""
                },
                "exclude-from-classmap": [
                    "/Tests/"
                ]
            },
            "notification-url": "https://packagist.org/downloads/",
            "license": [
                "MIT"
            ],
            "authors": [
                {
                    "name": "Fabien Potencier",
                    "email": "fabien@symfony.com"
                },
                {
                    "name": "Symfony Community",
                    "homepage": "https://symfony.com/contributors"
                }
            ],
            "description": "Symfony Console Component",
            "homepage": "https://symfony.com",
            "time": "2016-07-30 07:20:35"
        },
        {
            "name": "symfony/filesystem",
            "version": "v2.8.9",
            "source": {
                "type": "git",
                "url": "https://github.com/symfony/filesystem.git",
                "reference": "ab4c3f085c8f5a56536845bf985c4cef30bf75fd"
            },
            "dist": {
                "type": "zip",
                "url": "https://api.github.com/repos/symfony/filesystem/zipball/ab4c3f085c8f5a56536845bf985c4cef30bf75fd",
                "reference": "ab4c3f085c8f5a56536845bf985c4cef30bf75fd",
                "shasum": ""
            },
            "require": {
                "php": ">=5.3.9"
            },
            "type": "library",
            "extra": {
                "branch-alias": {
                    "dev-master": "2.8-dev"
                }
            },
            "autoload": {
                "psr-4": {
                    "Symfony\\Component\\Filesystem\\": ""
                },
                "exclude-from-classmap": [
                    "/Tests/"
                ]
            },
            "notification-url": "https://packagist.org/downloads/",
            "license": [
                "MIT"
            ],
            "authors": [
                {
                    "name": "Fabien Potencier",
                    "email": "fabien@symfony.com"
                },
                {
                    "name": "Symfony Community",
                    "homepage": "https://symfony.com/contributors"
                }
            ],
            "description": "Symfony Filesystem Component",
            "homepage": "https://symfony.com",
            "time": "2016-07-20 05:41:28"
        },
        {
            "name": "symfony/finder",
            "version": "v2.8.9",
            "source": {
                "type": "git",
                "url": "https://github.com/symfony/finder.git",
                "reference": "60804d88691e4a73bbbb3035eb1d9f075c5c2c10"
            },
            "dist": {
                "type": "zip",
                "url": "https://api.github.com/repos/symfony/finder/zipball/60804d88691e4a73bbbb3035eb1d9f075c5c2c10",
                "reference": "60804d88691e4a73bbbb3035eb1d9f075c5c2c10",
                "shasum": ""
            },
            "require": {
                "php": ">=5.3.9"
            },
            "type": "library",
            "extra": {
                "branch-alias": {
                    "dev-master": "2.8-dev"
                }
            },
            "autoload": {
                "psr-4": {
                    "Symfony\\Component\\Finder\\": ""
                },
                "exclude-from-classmap": [
                    "/Tests/"
                ]
            },
            "notification-url": "https://packagist.org/downloads/",
            "license": [
                "MIT"
            ],
            "authors": [
                {
                    "name": "Fabien Potencier",
                    "email": "fabien@symfony.com"
                },
                {
                    "name": "Symfony Community",
                    "homepage": "https://symfony.com/contributors"
                }
            ],
            "description": "Symfony Finder Component",
            "homepage": "https://symfony.com",
            "time": "2016-07-26 08:02:44"
        },
        {
            "name": "symfony/polyfill-mbstring",
            "version": "v1.2.0",
            "source": {
                "type": "git",
                "url": "https://github.com/symfony/polyfill-mbstring.git",
                "reference": "dff51f72b0706335131b00a7f49606168c582594"
            },
            "dist": {
                "type": "zip",
                "url": "https://api.github.com/repos/symfony/polyfill-mbstring/zipball/dff51f72b0706335131b00a7f49606168c582594",
                "reference": "dff51f72b0706335131b00a7f49606168c582594",
                "shasum": ""
            },
            "require": {
                "php": ">=5.3.3"
            },
            "suggest": {
                "ext-mbstring": "For best performance"
            },
            "type": "library",
            "extra": {
                "branch-alias": {
                    "dev-master": "1.2-dev"
                }
            },
            "autoload": {
                "psr-4": {
                    "Symfony\\Polyfill\\Mbstring\\": ""
                },
                "files": [
                    "bootstrap.php"
                ]
            },
            "notification-url": "https://packagist.org/downloads/",
            "license": [
                "MIT"
            ],
            "authors": [
                {
                    "name": "Nicolas Grekas",
                    "email": "p@tchwork.com"
                },
                {
                    "name": "Symfony Community",
                    "homepage": "https://symfony.com/contributors"
                }
            ],
            "description": "Symfony polyfill for the Mbstring extension",
            "homepage": "https://symfony.com",
            "keywords": [
                "compatibility",
                "mbstring",
                "polyfill",
                "portable",
                "shim"
            ],
            "time": "2016-05-18 14:26:46"
        },
        {
            "name": "symfony/translation",
            "version": "v2.8.9",
            "source": {
                "type": "git",
                "url": "https://github.com/symfony/translation.git",
                "reference": "32b0c824da6df065f43b0c458dc505940e98a7f1"
            },
            "dist": {
                "type": "zip",
                "url": "https://api.github.com/repos/symfony/translation/zipball/32b0c824da6df065f43b0c458dc505940e98a7f1",
                "reference": "32b0c824da6df065f43b0c458dc505940e98a7f1",
                "shasum": ""
            },
            "require": {
                "php": ">=5.3.9",
                "symfony/polyfill-mbstring": "~1.0"
            },
            "conflict": {
                "symfony/config": "<2.7"
            },
            "require-dev": {
                "psr/log": "~1.0",
                "symfony/config": "~2.8",
                "symfony/intl": "~2.4|~3.0.0",
                "symfony/yaml": "~2.2|~3.0.0"
            },
            "suggest": {
                "psr/log": "To use logging capability in translator",
                "symfony/config": "",
                "symfony/yaml": ""
            },
            "type": "library",
            "extra": {
                "branch-alias": {
                    "dev-master": "2.8-dev"
                }
            },
            "autoload": {
                "psr-4": {
                    "Symfony\\Component\\Translation\\": ""
                },
                "exclude-from-classmap": [
                    "/Tests/"
                ]
            },
            "notification-url": "https://packagist.org/downloads/",
            "license": [
                "MIT"
            ],
            "authors": [
                {
                    "name": "Fabien Potencier",
                    "email": "fabien@symfony.com"
                },
                {
                    "name": "Symfony Community",
                    "homepage": "https://symfony.com/contributors"
                }
            ],
            "description": "Symfony Translation Component",
            "homepage": "https://symfony.com",
            "time": "2016-07-30 07:20:35"
        },
        {
            "name": "symfony/yaml",
            "version": "v2.8.9",
            "source": {
                "type": "git",
                "url": "https://github.com/symfony/yaml.git",
                "reference": "0ceab136f43ed9d3e97b3eea32a7855dc50c121d"
            },
            "dist": {
                "type": "zip",
                "url": "https://api.github.com/repos/symfony/yaml/zipball/0ceab136f43ed9d3e97b3eea32a7855dc50c121d",
                "reference": "0ceab136f43ed9d3e97b3eea32a7855dc50c121d",
                "shasum": ""
            },
            "require": {
                "php": ">=5.3.9"
            },
            "type": "library",
            "extra": {
                "branch-alias": {
                    "dev-master": "2.8-dev"
                }
            },
            "autoload": {
                "psr-4": {
                    "Symfony\\Component\\Yaml\\": ""
                },
                "exclude-from-classmap": [
                    "/Tests/"
                ]
            },
            "notification-url": "https://packagist.org/downloads/",
            "license": [
                "MIT"
            ],
            "authors": [
                {
                    "name": "Fabien Potencier",
                    "email": "fabien@symfony.com"
                },
                {
                    "name": "Symfony Community",
                    "homepage": "https://symfony.com/contributors"
                }
            ],
            "description": "Symfony Yaml Component",
            "homepage": "https://symfony.com",
            "time": "2016-07-17 09:06:15"
        }
    ],
    "packages-dev": [],
    "aliases": [],
    "minimum-stability": "stable",
    "stability-flags": [],
    "prefer-stable": false,
    "prefer-lowest": false,
    "platform": {
        "php": "^5.6 || ^7.0"
    },
    "platform-dev": []
}
